
Microsoft Visual Studio Solution File, Format Version 12.00
# Visual Studio 2013
VisualStudioVersion = 12.0.40629.0
MinimumVisualStudioVersion = 10.0.40219.1
Project("{2150E333-8FDC-42A3-9474-1A3956D46DE8}") = "ControlWeb", "ControlWeb", "{1BF0B650-4C86-4255-820D-2F993BCA31B3}"
EndProject
Project("{2150E333-8FDC-42A3-9474-1A3956D46DE8}") = "ClientService", "ClientService", "{D4EADE75-61FB-4175-9651-588B060E70C2}"
EndProject
Project("{2150E333-8FDC-42A3-9474-1A3956D46DE8}") = "Common", "Common", "{06F77C2A-62DC-467A-BCB8-6FF28C3C72FB}"
EndProject
Project("{FAE04EC0-301F-11D3-BF4B-00C04F79EFBC}") = "ManageWeb", "ManageWeb\ManageWeb.csproj", "{EF22938B-4FAD-4177-AC1D-8F2E8275E869}"
EndProject
Project("{FAE04EC0-301F-11D3-BF4B-00C04F79EFBC}") = "OE.Service", "OE.Service\OE.Service.csproj", "{A5695043-1A0A-431A-A177-3AD0D19DAB84}"
EndProject
Project("{FAE04EC0-301F-11D3-BF4B-00C04F79EFBC}") = "CCF.Task", "CCF.Task\CCF.Task.csproj", "{53636A16-989D-4E35-B880-50DB5F3CD987}"
EndProject
Project("{FAE04EC0-301F-11D3-BF4B-00C04F79EFBC}") = "ManageDomain", "ManageDomain\ManageDomain.csproj", "{3A8A4E35-B13B-46AC-BA9D-811E031A9061}"
EndProject
Project("{FAE04EC0-301F-11D3-BF4B-00C04F79EFBC}") = "CCF", "CCF\CCF.csproj", "{44044943-5A79-4F35-8588-D90770E09D60}"
EndProject
Project("{FAE04EC0-301F-11D3-BF4B-00C04F79EFBC}") = "TaskDemo", "TaskDemo\TaskDemo.csproj", "{7D1038A5-B26B-4856-880B-E310A4C494A4}"
EndProject
Global
	GlobalSection(SolutionConfigurationPlatforms) = preSolution
		Debug|Any CPU = Debug|Any CPU
		Release|Any CPU = Release|Any CPU
	EndGlobalSection
	GlobalSection(ProjectConfigurationPlatforms) = postSolution
		{EF22938B-4FAD-4177-AC1D-8F2E8275E869}.Debug|Any CPU.ActiveCfg = Debug|Any CPU
		{EF22938B-4FAD-4177-AC1D-8F2E8275E869}.Debug|Any CPU.Build.0 = Debug|Any CPU
		{EF22938B-4FAD-4177-AC1D-8F2E8275E869}.Release|Any CPU.ActiveCfg = Release|Any CPU
		{EF22938B-4FAD-4177-AC1D-8F2E8275E869}.Release|Any CPU.Build.0 = Release|Any CPU
		{A5695043-1A0A-431A-A177-3AD0D19DAB84}.Debug|Any CPU.ActiveCfg = Debug|Any CPU
		{A5695043-1A0A-431A-A177-3AD0D19DAB84}.Debug|Any CPU.Build.0 = Debug|Any CPU
		{A5695043-1A0A-431A-A177-3AD0D19DAB84}.Release|Any CPU.ActiveCfg = Release|Any CPU
		{A5695043-1A0A-431A-A177-3AD0D19DAB84}.Release|Any CPU.Build.0 = Release|Any CPU
		{53636A16-989D-4E35-B880-50DB5F3CD987}.Debug|Any CPU.ActiveCfg = Debug|Any CPU
		{53636A16-989D-4E35-B880-50DB5F3CD987}.Debug|Any CPU.Build.0 = Debug|Any CPU
		{53636A16-989D-4E35-B880-50DB5F3CD987}.Release|Any CPU.ActiveCfg = Release|Any CPU
		{53636A16-989D-4E35-B880-50DB5F3CD987}.Release|Any CPU.Build.0 = Release|Any CPU
		{3A8A4E35-B13B-46AC-BA9D-811E031A9061}.Debug|Any CPU.ActiveCfg = Debug|Any CPU
		{3A8A4E35-B13B-46AC-BA9D-811E031A9061}.Debug|Any CPU.Build.0 = Debug|Any CPU
		{3A8A4E35-B13B-46AC-BA9D-811E031A9061}.Release|Any CPU.ActiveCfg = Release|Any CPU
		{3A8A4E35-B13B-46AC-BA9D-811E031A9061}.Release|Any CPU.Build.0 = Release|Any CPU
		{44044943-5A79-4F35-8588-D90770E09D60}.Debug|Any CPU.ActiveCfg = Debug|Any CPU
		{44044943-5A79-4F35-8588-D90770E09D60}.Debug|Any CPU.Build.0 = Debug|Any CPU
		{44044943-5A79-4F35-8588-D90770E09D60}.Release|Any CPU.ActiveCfg = Release|Any CPU
		{44044943-5A79-4F35-8588-D90770E09D60}.Release|Any CPU.Build.0 = Release|Any CPU
		{7D1038A5-B26B-4856-880B-E310A4C494A4}.Debug|Any CPU.ActiveCfg = Debug|Any CPU
		{7D1038A5-B26B-4856-880B-E310A4C494A4}.Debug|Any CPU.Build.0 = Debug|Any CPU
		{7D1038A5-B26B-4856-880B-E310A4C494A4}.Release|Any CPU.ActiveCfg = Release|Any CPU
		{7D1038A5-B26B-4856-880B-E310A4C494A4}.Release|Any CPU.Build.0 = Release|Any CPU
	EndGlobalSection
	GlobalSection(SolutionProperties) = preSolution
		HideSolutionNode = FALSE
	EndGlobalSection
	GlobalSection(NestedProjects) = preSolution
		{EF22938B-4FAD-4177-AC1D-8F2E8275E869} = {1BF0B650-4C86-4255-820D-2F993BCA31B3}
		{A5695043-1A0A-431A-A177-3AD0D19DAB84} = {D4EADE75-61FB-4175-9651-588B060E70C2}
		{53636A16-989D-4E35-B880-50DB5F3CD987} = {06F77C2A-62DC-467A-BCB8-6FF28C3C72FB}
		{3A8A4E35-B13B-46AC-BA9D-811E031A9061} = {1BF0B650-4C86-4255-820D-2F993BCA31B3}
		{44044943-5A79-4F35-8588-D90770E09D60} = {06F77C2A-62DC-467A-BCB8-6FF28C3C72FB}
		{7D1038A5-B26B-4856-880B-E310A4C494A4} = {06F77C2A-62DC-467A-BCB8-6FF28C3C72FB}
	EndGlobalSection
EndGlobal
